
Microsoft Visual Studio Solution File, Format Version 12.00
# Visual Studio 14
VisualStudioVersion = 14.0.25420.1
MinimumVisualStudioVersion = 10.0.40219.1
Project("{FAE04EC0-301F-11D3-BF4B-00C04F79EFBC}") = "Attendance", "Attendance\Attendance.csproj", "{9DD8063D-B000-4F1D-9719-7D5452DACFEB}"
EndProject
Project("{FAE04EC0-301F-11D3-BF4B-00C04F79EFBC}") = "Attendance.Core", "Attendance.Core\Attendance.Core.csproj", "{2FCBC7B2-E7EB-446D-B99A-93FB5BF91282}"
EndProject
Global
	GlobalSection(SolutionConfigurationPlatforms) = preSolution
		Debug|Any CPU = Debug|Any CPU
		Release|Any CPU = Release|Any CPU
	EndGlobalSection
	GlobalSection(ProjectConfigurationPlatforms) = postSolution
		{9DD8063D-B000-4F1D-9719-7D5452DACFEB}.Debug|Any CPU.ActiveCfg = Debug|Any CPU
		{9DD8063D-B000-4F1D-9719-7D5452DACFEB}.Debug|Any CPU.Build.0 = Debug|Any CPU
		{9DD8063D-B000-4F1D-9719-7D5452DACFEB}.Debug|Any CPU.Deploy.0 = Debug|Any CPU
		{9DD8063D-B000-4F1D-9719-7D5452DACFEB}.Release|Any CPU.ActiveCfg = Release|Any CPU
		{9DD8063D-B000-4F1D-9719-7D5452DACFEB}.Release|Any CPU.Build.0 = Release|Any CPU
		{9DD8063D-B000-4F1D-9719-7D5452DACFEB}.Release|Any CPU.Deploy.0 = Release|Any CPU
		{2FCBC7B2-E7EB-446D-B99A-93FB5BF91282}.Debug|Any CPU.ActiveCfg = Debug|Any CPU
		{2FCBC7B2-E7EB-446D-B99A-93FB5BF91282}.Debug|Any CPU.Build.0 = Debug|Any CPU
		{2FCBC7B2-E7EB-446D-B99A-93FB5BF91282}.Release|Any CPU.ActiveCfg = Release|Any CPU
		{2FCBC7B2-E7EB-446D-B99A-93FB5BF91282}.Release|Any CPU.Build.0 = Release|Any CPU
	EndGlobalSection
	GlobalSection(SolutionProperties) = preSolution
		HideSolutionNode = FALSE
	EndGlobalSection
EndGlobal
